
Microsoft Visual Studio Solution File, Format Version 12.00
# Visual Studio Version 16
VisualStudioVersion = 16.0.29503.13
MinimumVisualStudioVersion = 10.0.40219.1
Project("{FAE04EC0-301F-11D3-BF4B-00C04F79EFBC}") = "ManualJwtApiAuth", "ManualJwtApiAuth\ManualJwtApiAuth.csproj", "{BDF10019-A0B8-43AB-A20C-477D77725207}"
EndProject
Global
	GlobalSection(SolutionConfigurationPlatforms) = preSolution
		Debug|Any CPU = Debug|Any CPU
		Release|Any CPU = Release|Any CPU
	EndGlobalSection
	GlobalSection(ProjectConfigurationPlatforms) = postSolution
		{BDF10019-A0B8-43AB-A20C-477D77725207}.Debug|Any CPU.ActiveCfg = Debug|Any CPU
		{BDF10019-A0B8-43AB-A20C-477D77725207}.Debug|Any CPU.Build.0 = Debug|Any CPU
		{BDF10019-A0B8-43AB-A20C-477D77725207}.Release|Any CPU.ActiveCfg = Release|Any CPU
		{BDF10019-A0B8-43AB-A20C-477D77725207}.Release|Any CPU.Build.0 = Release|Any CPU
	EndGlobalSection
	GlobalSection(SolutionProperties) = preSolution
		HideSolutionNode = FALSE
	EndGlobalSection
	GlobalSection(ExtensibilityGlobals) = postSolution
		SolutionGuid = {CF584E7B-8293-490E-811F-AD47D840F98B}
	EndGlobalSection
EndGlobal
