
Microsoft Visual Studio Solution File, Format Version 12.00
# Visual Studio Version 16
VisualStudioVersion = 16.0.31321.278
MinimumVisualStudioVersion = 10.0.40219.1
Project("{9A19103F-16F7-4668-BE54-9A1E7A4F7556}") = "MSAAuthentication", "MSAAuthentication\MSAAuthentication.csproj", "{D5E188AE-7BF0-482D-BFA2-5BBEE501CE7C}"
EndProject
Global
	GlobalSection(SolutionConfigurationPlatforms) = preSolution
		Debug|Any CPU = Debug|Any CPU
		Release|Any CPU = Release|Any CPU
	EndGlobalSection
	GlobalSection(ProjectConfigurationPlatforms) = postSolution
		{D5E188AE-7BF0-482D-BFA2-5BBEE501CE7C}.Debug|Any CPU.ActiveCfg = Debug|Any CPU
		{D5E188AE-7BF0-482D-BFA2-5BBEE501CE7C}.Debug|Any CPU.Build.0 = Debug|Any CPU
		{D5E188AE-7BF0-482D-BFA2-5BBEE501CE7C}.Release|Any CPU.ActiveCfg = Release|Any CPU
		{D5E188AE-7BF0-482D-BFA2-5BBEE501CE7C}.Release|Any CPU.Build.0 = Release|Any CPU
	EndGlobalSection
	GlobalSection(SolutionProperties) = preSolution
		HideSolutionNode = FALSE
	EndGlobalSection
	GlobalSection(ExtensibilityGlobals) = postSolution
		SolutionGuid = {BC8604F1-C907-4508-9D1E-9D3F49A5EB7A}
	EndGlobalSection
EndGlobal
